
Microsoft Visual Studio Solution File, Format Version 12.00
# Visual Studio Version 16
VisualStudioVersion = 16.0.29905.134
MinimumVisualStudioVersion = 10.0.40219.1
Project("{FAE04EC0-301F-11D3-BF4B-00C04F79EFBC}") = "Presentacion", "Presentacion\Presentacion.csproj", "{73A1531D-9336-41ED-A1C9-78E01C7CFF0B}"
EndProject
Project("{FAE04EC0-301F-11D3-BF4B-00C04F79EFBC}") = "AccesoData", "AccesoData\AccesoData.csproj", "{B0D5B1CF-C811-4A13-9920-471A7A6AF140}"
EndProject
Project("{FAE04EC0-301F-11D3-BF4B-00C04F79EFBC}") = "Dominio", "Dominio\Dominio.csproj", "{1057F93C-A594-4E5E-87E4-CC5BE41C3305}"
EndProject
Project("{FAE04EC0-301F-11D3-BF4B-00C04F79EFBC}") = "Soporte", "Soporte\Soporte.csproj", "{DCB2881C-3C3B-486E-948F-18D2B2641DE4}"
EndProject
Global
	GlobalSection(SolutionConfigurationPlatforms) = preSolution
		Debug|Any CPU = Debug|Any CPU
		Release|Any CPU = Release|Any CPU
	EndGlobalSection
	GlobalSection(ProjectConfigurationPlatforms) = postSolution
		{73A1531D-9336-41ED-A1C9-78E01C7CFF0B}.Debug|Any CPU.ActiveCfg = Debug|Any CPU
		{73A1531D-9336-41ED-A1C9-78E01C7CFF0B}.Debug|Any CPU.Build.0 = Debug|Any CPU
		{73A1531D-9336-41ED-A1C9-78E01C7CFF0B}.Release|Any CPU.ActiveCfg = Debug|Any CPU
		{73A1531D-9336-41ED-A1C9-78E01C7CFF0B}.Release|Any CPU.Build.0 = Debug|Any CPU
		{B0D5B1CF-C811-4A13-9920-471A7A6AF140}.Debug|Any CPU.ActiveCfg = Debug|Any CPU
		{B0D5B1CF-C811-4A13-9920-471A7A6AF140}.Debug|Any CPU.Build.0 = Debug|Any CPU
		{B0D5B1CF-C811-4A13-9920-471A7A6AF140}.Release|Any CPU.ActiveCfg = Debug|Any CPU
		{B0D5B1CF-C811-4A13-9920-471A7A6AF140}.Release|Any CPU.Build.0 = Debug|Any CPU
		{1057F93C-A594-4E5E-87E4-CC5BE41C3305}.Debug|Any CPU.ActiveCfg = Debug|Any CPU
		{1057F93C-A594-4E5E-87E4-CC5BE41C3305}.Debug|Any CPU.Build.0 = Debug|Any CPU
		{1057F93C-A594-4E5E-87E4-CC5BE41C3305}.Release|Any CPU.ActiveCfg = Debug|Any CPU
		{1057F93C-A594-4E5E-87E4-CC5BE41C3305}.Release|Any CPU.Build.0 = Debug|Any CPU
		{DCB2881C-3C3B-486E-948F-18D2B2641DE4}.Debug|Any CPU.ActiveCfg = Debug|Any CPU
		{DCB2881C-3C3B-486E-948F-18D2B2641DE4}.Debug|Any CPU.Build.0 = Debug|Any CPU
		{DCB2881C-3C3B-486E-948F-18D2B2641DE4}.Release|Any CPU.ActiveCfg = Debug|Any CPU
		{DCB2881C-3C3B-486E-948F-18D2B2641DE4}.Release|Any CPU.Build.0 = Debug|Any CPU
	EndGlobalSection
	GlobalSection(SolutionProperties) = preSolution
		HideSolutionNode = FALSE
	EndGlobalSection
	GlobalSection(ExtensibilityGlobals) = postSolution
		SolutionGuid = {69333F52-2179-4E02-B2D5-BC1F53AB3C2E}
	EndGlobalSection
EndGlobal
